
Microsoft Visual Studio Solution File, Format Version 12.00
# Visual Studio Version 17
VisualStudioVersion = 17.14.36811.4 d17.14
MinimumVisualStudioVersion = 10.0.40219.1
Project("{FAE04EC0-301F-11D3-BF4B-00C04F79EFBC}") = "FinmateController", "FinmateController\FinmateController.csproj", "{5DD9915E-3D74-4E91-B722-6CB7C1976A9B}"
EndProject
Project("{FAE04EC0-301F-11D3-BF4B-00C04F79EFBC}") = "BLL", "BLL\BLL.csproj", "{9DB8F482-2363-4C9A-8724-A9755DCE3060}"
EndProject
Project("{FAE04EC0-301F-11D3-BF4B-00C04F79EFBC}") = "DAL", "DAL\DAL.csproj", "{73E24B93-F18C-4DCA-955B-0ECAA67EF8FF}"
EndProject
Global
	GlobalSection(SolutionConfigurationPlatforms) = preSolution
		Debug|Any CPU = Debug|Any CPU
		Release|Any CPU = Release|Any CPU
	EndGlobalSection
	GlobalSection(ProjectConfigurationPlatforms) = postSolution
		{5DD9915E-3D74-4E91-B722-6CB7C1976A9B}.Debug|Any CPU.ActiveCfg = Debug|Any CPU
		{5DD9915E-3D74-4E91-B722-6CB7C1976A9B}.Debug|Any CPU.Build.0 = Debug|Any CPU
		{5DD9915E-3D74-4E91-B722-6CB7C1976A9B}.Release|Any CPU.ActiveCfg = Release|Any CPU
		{5DD9915E-3D74-4E91-B722-6CB7C1976A9B}.Release|Any CPU.Build.0 = Release|Any CPU
		{9DB8F482-2363-4C9A-8724-A9755DCE3060}.Debug|Any CPU.ActiveCfg = Debug|Any CPU
		{9DB8F482-2363-4C9A-8724-A9755DCE3060}.Debug|Any CPU.Build.0 = Debug|Any CPU
		{9DB8F482-2363-4C9A-8724-A9755DCE3060}.Release|Any CPU.ActiveCfg = Release|Any CPU
		{9DB8F482-2363-4C9A-8724-A9755DCE3060}.Release|Any CPU.Build.0 = Release|Any CPU
		{73E24B93-F18C-4DCA-955B-0ECAA67EF8FF}.Debug|Any CPU.ActiveCfg = Debug|Any CPU
		{73E24B93-F18C-4DCA-955B-0ECAA67EF8FF}.Debug|Any CPU.Build.0 = Debug|Any CPU
		{73E24B93-F18C-4DCA-955B-0ECAA67EF8FF}.Release|Any CPU.ActiveCfg = Release|Any CPU
		{73E24B93-F18C-4DCA-955B-0ECAA67EF8FF}.Release|Any CPU.Build.0 = Release|Any CPU
	EndGlobalSection
	GlobalSection(SolutionProperties) = preSolution
		HideSolutionNode = FALSE
	EndGlobalSection
	GlobalSection(ExtensibilityGlobals) = postSolution
		SolutionGuid = {E15C67B2-2C56-46C8-BFB0-BAD8B78B363B}
	EndGlobalSection
EndGlobal
